
Microsoft Visual Studio Solution File, Format Version 12.00
# Visual Studio Version 17
VisualStudioVersion = 17.11.35222.181
MinimumVisualStudioVersion = 10.0.40219.1
Project("{FAE04EC0-301F-11D3-BF4B-00C04F79EFBC}") = "Kassasystemet", "Kassasystemet\Kassasystemet.csproj", "{F7DD23F0-D8EA-4E03-9D36-4B4D1ACF1F82}"
EndProject
Global
	GlobalSection(SolutionConfigurationPlatforms) = preSolution
		Debug|Any CPU = Debug|Any CPU
		Release|Any CPU = Release|Any CPU
	EndGlobalSection
	GlobalSection(ProjectConfigurationPlatforms) = postSolution
		{F7DD23F0-D8EA-4E03-9D36-4B4D1ACF1F82}.Debug|Any CPU.ActiveCfg = Debug|Any CPU
		{F7DD23F0-D8EA-4E03-9D36-4B4D1ACF1F82}.Debug|Any CPU.Build.0 = Debug|Any CPU
		{F7DD23F0-D8EA-4E03-9D36-4B4D1ACF1F82}.Release|Any CPU.ActiveCfg = Release|Any CPU
		{F7DD23F0-D8EA-4E03-9D36-4B4D1ACF1F82}.Release|Any CPU.Build.0 = Release|Any CPU
	EndGlobalSection
	GlobalSection(SolutionProperties) = preSolution
		HideSolutionNode = FALSE
	EndGlobalSection
	GlobalSection(ExtensibilityGlobals) = postSolution
		SolutionGuid = {E38DD01D-3F7E-4D4B-8DE7-328025D861CD}
	EndGlobalSection
EndGlobal
